# Upstream revisions used for the maintained native OPENGLES3 baseline.
# scripts/fetch-dependencies.sh uses these by default; --unlocked opts out.
# branch=next
CNA=8dc7a7b9945693b7f83a89e8f5e868caac5f9125
# fetched from sharp-runtime; keep the exact commit regardless of branch name
SHARP_RUNTIME=88f6b11fbb8b9d1db1b9451e86f8835e1c9cafaa
# branch=develop
EASY_GL=1edf4c1a4708149b6a699365f43b58aa467c345f
# branch=develop
META_GL=40829ca76a4e99511a7734297ee1dc0e1b926320
