# Pinned upstream revisions living-room-simulator was last built and verified against.
# scripts/fetch-dependencies.sh --pin checks these out; without --pin the
# branch heads are used. Recorded so a build failure can be attributed.
# branch=next
CNA=c90f0e39f45e7823623058a1063b364735a9214e
# branch=feature/gamer-services-collections
SHARP_RUNTIME=6c4a857de129cf29b5d43430bedf24157d594f12
# branch=develop
EASY_GL=deda7a426c3c166c0e03a4790f1ede610e2e46fb
# branch=develop
META_GL=20c8b2dc5bb80e32706784066db9fd9e15b3f46a
